// !$*UTF8*$!
{
	archiveVersion = 1;
	classes = {
	};
	objectVersion = 51;
	objects = {

/* Begin PBXBuildFile section */
		077602102406E68F005CD01F /* AppDelegate.swift in Sources */ = {isa = PBXBuildFile; fileRef = 0776020F2406E68F005CD01F /* AppDelegate.swift */; };
		077602142406E68F005CD01F /* ViewController.swift in Sources */ = {isa = PBXBuildFile; fileRef = 077602132406E68F005CD01F /* ViewController.swift */; };
		077602172406E68F005CD01F /* Main.storyboard in Resources */ = {isa = PBXBuildFile; fileRef = 077602152406E68F005CD01F /* Main.storyboard */; };
		077602192406E692005CD01F /* Assets.xcassets in Resources */ = {isa = PBXBuildFile; fileRef = 077602182406E692005CD01F /* Assets.xcassets */; };
		0776021C2406E692005CD01F /* LaunchScreen.storyboard in Resources */ = {isa = PBXBuildFile; fileRef = 0776021A2406E692005CD01F /* LaunchScreen.storyboard */; };
		077602282406E790005CD01F /* Router.swift in Sources */ = {isa = PBXBuildFile; fileRef = 077602272406E790005CD01F /* Router.swift */; };
		07850000240701740070EDD0 /* ItemsModel.swift in Sources */ = {isa = PBXBuildFile; fileRef = 0785FFFF240701740070EDD0 /* ItemsModel.swift */; };
		0785000224070B7D0070EDD0 /* Result.swift in Sources */ = {isa = PBXBuildFile; fileRef = 0785000124070B7D0070EDD0 /* Result.swift */; };
		0785000424070B8E0070EDD0 /* Items.swift in Sources */ = {isa = PBXBuildFile; fileRef = 0785000324070B8E0070EDD0 /* Items.swift */; };
		0785000624070B980070EDD0 /* Item.swift in Sources */ = {isa = PBXBuildFile; fileRef = 0785000524070B980070EDD0 /* Item.swift */; };
		0785000824070C220070EDD0 /* SceneDelegate.swift in Sources */ = {isa = PBXBuildFile; fileRef = 0785000724070C220070EDD0 /* SceneDelegate.swift */; };
/* End PBXBuildFile section */

/* Begin PBXFileReference section */
		0776020C2406E68F005CD01F /* ImageTableViewApp.app */ = {isa = PBXFileReference; explicitFileType = wrapper.application; includeInIndex = 0; path = ImageTableViewApp.app; sourceTree = BUILT_PRODUCTS_DIR; };
		0776020F2406E68F005CD01F /* AppDelegate.swift */ = {isa = PBXFileReference; lastKnownFileType = sourcecode.swift; path = AppDelegate.swift; sourceTree = "<group>"; };
		077602132406E68F005CD01F /* ViewController.swift */ = {isa = PBXFileReference; lastKnownFileType = sourcecode.swift; path = ViewController.swift; sourceTree = "<group>"; };
		077602162406E68F005CD01F /* Base */ = {isa = PBXFileReference; lastKnownFileType = file.storyboard; name = Base; path = Base.lproj/Main.storyboard; sourceTree = "<group>"; };
		077602182406E692005CD01F /* Assets.xcassets */ = {isa = PBXFileReference; lastKnownFileType = folder.assetcatalog; path = Assets.xcassets; sourceTree = "<group>"; };
		0776021B2406E692005CD01F /* Base */ = {isa = PBXFileReference; lastKnownFileType = file.storyboard; name = Base; path = Base.lproj/LaunchScreen.storyboard; sourceTree = "<group>"; };
		0776021D2406E692005CD01F /* Info.plist */ = {isa = PBXFileReference; lastKnownFileType = text.plist.xml; path = Info.plist; sourceTree = "<group>"; };
		077602272406E790005CD01F /* Router.swift */ = {isa = PBXFileReference; lastKnownFileType = sourcecode.swift; path = Router.swift; sourceTree = "<group>"; };
		0785000124070B7D0070EDD0 /* Result.swift */ = {isa = PBXFileReference; lastKnownFileType = sourcecode.swift; path = Result.swift; sourceTree = "<group>"; };
		0785000324070B8E0070EDD0 /* Items.swift */ = {isa = PBXFileReference; lastKnownFileType = sourcecode.swift; path = Items.swift; sourceTree = "<group>"; };
		0785000524070B980070EDD0 /* Item.swift */ = {isa = PBXFileReference; lastKnownFileType = sourcecode.swift; path = Item.swift; sourceTree = "<group>"; };
		0785000724070C220070EDD0 /* SceneDelegate.swift */ = {isa = PBXFileReference; fileEncoding = 4; lastKnownFileType = sourcecode.swift; name = SceneDelegate.swift; path = "../../../../../Library/Mobile Documents/com~apple~CloudDocs/.Trash/SceneDelegate.swift"; sourceTree = "<group>"; };
		0785FFFF240701740070EDD0 /* ItemsModel.swift */ = {isa = PBXFileReference; lastKnownFileType = sourcecode.swift; path = ItemsModel.swift; sourceTree = "<group>"; };
		0F07ABA77B1FC47385E8E325 /* Pods-ImageTableViewApp.debug.xcconfig */ = {isa = PBXFileReference; includeInIndex = 1; lastKnownFileType = text.xcconfig; name = "Pods-ImageTableViewApp.debug.xcconfig"; path = "Target Support Files/Pods-ImageTableViewApp/Pods-ImageTableViewApp.debug.xcconfig"; sourceTree = "<group>"; };
		669C01DF0A9B441DC6F64EA0 /* Pods-ImageTableViewApp.release.xcconfig */ = {isa = PBXFileReference; includeInIndex = 1; lastKnownFileType = text.xcconfig; name = "Pods-ImageTableViewApp.release.xcconfig"; path = "Target Support Files/Pods-ImageTableViewApp/Pods-ImageTableViewApp.release.xcconfig"; sourceTree = "<group>"; };
/* End PBXFileReference section */

/* Begin PBXFrameworksBuildPhase section */
		077602092406E68F005CD01F /* Frameworks */ = {
			isa = PBXFrameworksBuildPhase;
			buildActionMask = 2147483647;
			files = (
			);
			runOnlyForDeploymentPostprocessing = 0;
		};
/* End PBXFrameworksBuildPhase section */

/* Begin PBXGroup section */
		077602032406E68F005CD01F = {
			isa = PBXGroup;
			children = (
				0776020E2406E68F005CD01F /* ImageTableViewApp */,
				0776020D2406E68F005CD01F /* Products */,
				D63E8C1D5F276D4A78E88889 /* Pods */,
			);
			sourceTree = "<group>";
		};
		0776020D2406E68F005CD01F /* Products */ = {
			isa = PBXGroup;
			children = (
				0776020C2406E68F005CD01F /* ImageTableViewApp.app */,
			);
			name = Products;
			sourceTree = "<group>";
		};
		0776020E2406E68F005CD01F /* ImageTableViewApp */ = {
			isa = PBXGroup;
			children = (
				077602262406E72C005CD01F /* Network */,
				077602232406E6A5005CD01F /* Model */,
				077602242406E6AA005CD01F /* View */,
				077602252406E6B0005CD01F /* ViewModel */,
				077602132406E68F005CD01F /* ViewController.swift */,
				0785000724070C220070EDD0 /* SceneDelegate.swift */,
				0776020F2406E68F005CD01F /* AppDelegate.swift */,
				077602152406E68F005CD01F /* Main.storyboard */,
				077602182406E692005CD01F /* Assets.xcassets */,
				0776021A2406E692005CD01F /* LaunchScreen.storyboard */,
				0776021D2406E692005CD01F /* Info.plist */,
			);
			path = ImageTableViewApp;
			sourceTree = "<group>";
		};
		077602232406E6A5005CD01F /* Model */ = {
			isa = PBXGroup;
			children = (
				0785FFFF240701740070EDD0 /* ItemsModel.swift */,
				0785000124070B7D0070EDD0 /* Result.swift */,
				0785000324070B8E0070EDD0 /* Items.swift */,
				0785000524070B980070EDD0 /* Item.swift */,
			);
			path = Model;
			sourceTree = "<group>";
		};
		077602242406E6AA005CD01F /* View */ = {
			isa = PBXGroup;
			children = (
			);
			path = View;
			sourceTree = "<group>";
		};
		077602252406E6B0005CD01F /* ViewModel */ = {
			isa = PBXGroup;
			children = (
			);
			path = ViewModel;
			sourceTree = "<group>";
		};
		077602262406E72C005CD01F /* Network */ = {
			isa = PBXGroup;
			children = (
				077602272406E790005CD01F /* Router.swift */,
			);
			path = Network;
			sourceTree = "<group>";
		};
		D63E8C1D5F276D4A78E88889 /* Pods */ = {
			isa = PBXGroup;
			children = (
				0F07ABA77B1FC47385E8E325 /* Pods-ImageTableViewApp.debug.xcconfig */,
				669C01DF0A9B441DC6F64EA0 /* Pods-ImageTableViewApp.release.xcconfig */,
			);
			path = Pods;
			sourceTree = "<group>";
		};
/* End PBXGroup section */

/* Begin PBXNativeTarget section */
		0776020B2406E68F005CD01F /* ImageTableViewApp */ = {
			isa = PBXNativeTarget;
			buildConfigurationList = 077602202406E692005CD01F /* Build configuration list for PBXNativeTarget "ImageTableViewApp" */;
			buildPhases = (
				07D8C1E9955FD8890641EC0E /* [CP] Check Pods Manifest.lock */,
				077602082406E68F005CD01F /* Sources */,
				077602092406E68F005CD01F /* Frameworks */,
				0776020A2406E68F005CD01F /* Resources */,
				A99C68B5864E2336E147D5AA /* [CP] Embed Pods Frameworks */,
			);
			buildRules = (
			);
			dependencies = (
			);
			name = ImageTableViewApp;
			productName = ImageTableViewApp;
			productReference = 0776020C2406E68F005CD01F /* ImageTableViewApp.app */;
			productType = "com.apple.product-type.application";
		};
/* End PBXNativeTarget section */

/* Begin PBXProject section */
		077602042406E68F005CD01F /* Project object */ = {
			isa = PBXProject;
			attributes = {
				LastSwiftUpdateCheck = 1120;
				LastUpgradeCheck = 1120;
				ORGANIZATIONNAME = "Pedro Vargas";
				TargetAttributes = {
					0776020B2406E68F005CD01F = {
						CreatedOnToolsVersion = 11.2.1;
					};
				};
			};
			buildConfigurationList = 077602072406E68F005CD01F /* Build configuration list for PBXProject "ImageTableViewApp" */;
			compatibilityVersion = "Xcode 9.3";
			developmentRegion = en;
			hasScannedForEncodings = 0;
			knownRegions = (
				en,
				Base,
			);
			mainGroup = 077602032406E68F005CD01F;
			productRefGroup = 0776020D2406E68F005CD01F /* Products */;
			projectDirPath = "";
			projectRoot = "";
			targets = (
				0776020B2406E68F005CD01F /* ImageTableViewApp */,
			);
		};
/* End PBXProject section */

/* Begin PBXResourcesBuildPhase section */
		0776020A2406E68F005CD01F /* Resources */ = {
			isa = PBXResourcesBuildPhase;
			buildActionMask = 2147483647;
			files = (
				0776021C2406E692005CD01F /* LaunchScreen.storyboard in Resources */,
				077602192406E692005CD01F /* Assets.xcassets in Resources */,
				077602172406E68F005CD01F /* Main.storyboard in Resources */,
			);
			runOnlyForDeploymentPostprocessing = 0;
		};
/* End PBXResourcesBuildPhase section */

/* Begin PBXShellScriptBuildPhase section */
		07D8C1E9955FD8890641EC0E /* [CP] Check Pods Manifest.lock */ = {
			isa = PBXShellScriptBuildPhase;
			buildActionMask = 2147483647;
			files = (
			);
			inputFileListPaths = (
			);
			inputPaths = (
				"${PODS_PODFILE_DIR_PATH}/Podfile.lock",
				"${PODS_ROOT}/Manifest.lock",
			);
			name = "[CP] Check Pods Manifest.lock";
			outputFileListPaths = (
			);
			outputPaths = (
				"$(DERIVED_FILE_DIR)/Pods-ImageTableViewApp-checkManifestLockResult.txt",
			);
			runOnlyForDeploymentPostprocessing = 0;
			shellPath = /bin/sh;
			shellScript = "diff \"${PODS_PODFILE_DIR_PATH}/Podfile.lock\" \"${PODS_ROOT}/Manifest.lock\" > /dev/null\nif [ $? != 0 ] ; then\n    # print error to STDERR\n    echo \"error: The sandbox is not in sync with the Podfile.lock. Run 'pod install' or update your CocoaPods installation.\" >&2\n    exit 1\nfi\n# This output is used by Xcode 'outputs' to avoid re-running this script phase.\necho \"SUCCESS\" > \"${SCRIPT_OUTPUT_FILE_0}\"\n";
			showEnvVarsInLog = 0;
		};
		A99C68B5864E2336E147D5AA /* [CP] Embed Pods Frameworks */ = {
			isa = PBXShellScriptBuildPhase;
			buildActionMask = 2147483647;
			files = (
			);
			inputFileListPaths = (
				"${PODS_ROOT}/Target Support Files/Pods-ImageTableViewApp/Pods-ImageTableViewApp-frameworks-${CONFIGURATION}-input-files.xcfilelist",
			);
			name = "[CP] Embed Pods Frameworks";
			outputFileListPaths = (
				"${PODS_ROOT}/Target Support Files/Pods-ImageTableViewApp/Pods-ImageTableViewApp-frameworks-${CONFIGURATION}-output-files.xcfilelist",
			);
			runOnlyForDeploymentPostprocessing = 0;
			shellPath = /bin/sh;
			shellScript = "\"${PODS_ROOT}/Target Support Files/Pods-ImageTableViewApp/Pods-ImageTableViewApp-frameworks.sh\"\n";
			showEnvVarsInLog = 0;
		};
/* End PBXShellScriptBuildPhase section */

/* Begin PBXSourcesBuildPhase section */
		077602082406E68F005CD01F /* Sources */ = {
			isa = PBXSourcesBuildPhase;
			buildActionMask = 2147483647;
			files = (
				0785000224070B7D0070EDD0 /* Result.swift in Sources */,
				077602282406E790005CD01F /* Router.swift in Sources */,
				077602142406E68F005CD01F /* ViewController.swift in Sources */,
				07850000240701740070EDD0 /* ItemsModel.swift in Sources */,
				0785000624070B980070EDD0 /* Item.swift in Sources */,
				0785000424070B8E0070EDD0 /* Items.swift in Sources */,
				077602102406E68F005CD01F /* AppDelegate.swift in Sources */,
				0785000824070C220070EDD0 /* SceneDelegate.swift in Sources */,
			);
			runOnlyForDeploymentPostprocessing = 0;
		};
/* End PBXSourcesBuildPhase section */

/* Begin PBXVariantGroup section */
		077602152406E68F005CD01F /* Main.storyboard */ = {
			isa = PBXVariantGroup;
			children = (
				077602162406E68F005CD01F /* Base */,
			);
			name = Main.storyboard;
			sourceTree = "<group>";
		};
		0776021A2406E692005CD01F /* LaunchScreen.storyboard */ = {
			isa = PBXVariantGroup;
			children = (
				0776021B2406E692005CD01F /* Base */,
			);
			name = LaunchScreen.storyboard;
			sourceTree = "<group>";
		};
/* End PBXVariantGroup section */

/* Begin XCBuildConfiguration section */
		0776021E2406E692005CD01F /* Debug */ = {
			isa = XCBuildConfiguration;
			buildSettings = {
				ALWAYS_SEARCH_USER_PATHS = NO;
				CLANG_ANALYZER_NONNULL = YES;
				CLANG_ANALYZER_NUMBER_OBJECT_CONVERSION = YES_AGGRESSIVE;
				CLANG_CXX_LANGUAGE_STANDARD = "gnu++14";
				CLANG_CXX_LIBRARY = "libc++";
				CLANG_ENABLE_MODULES = YES;
				CLANG_ENABLE_OBJC_ARC = YES;
				CLANG_ENABLE_OBJC_WEAK = YES;
				CLANG_WARN_BLOCK_CAPTURE_AUTORELEASING = YES;
				CLANG_WARN_BOOL_CONVERSION = YES;
				CLANG_WARN_COMMA = YES;
				CLANG_WARN_CONSTANT_CONVERSION = YES;
				CLANG_WARN_DEPRECATED_OBJC_IMPLEMENTATIONS = YES;
				CLANG_WARN_DIRECT_OBJC_ISA_USAGE = YES_ERROR;
				CLANG_WARN_DOCUMENTATION_COMMENTS = YES;
				CLANG_WARN_EMPTY_BODY = YES;
				CLANG_WARN_ENUM_CONVERSION = YES;
				CLANG_WARN_INFINITE_RECURSION = YES;
				CLANG_WARN_INT_CONVERSION = YES;
				CLANG_WARN_NON_LITERAL_NULL_CONVERSION = YES;
				CLANG_WARN_OBJC_IMPLICIT_RETAIN_SELF = YES;
				CLANG_WARN_OBJC_LITERAL_CONVERSION = YES;
				CLANG_WARN_OBJC_ROOT_CLASS = YES_ERROR;
				CLANG_WARN_RANGE_LOOP_ANALYSIS = YES;
				CLANG_WARN_STRICT_PROTOTYPES = YES;
				CLANG_WARN_SUSPICIOUS_MOVE = YES;
				CLANG_WARN_UNGUARDED_AVAILABILITY = YES_AGGRESSIVE;
				CLANG_WARN_UNREACHABLE_CODE = YES;
				CLANG_WARN__DUPLICATE_METHOD_MATCH = YES;
				COPY_PHASE_STRIP = NO;
				DEBUG_INFORMATION_FORMAT = dwarf;
				ENABLE_STRICT_OBJC_MSGSEND = YES;
				ENABLE_TESTABILITY = YES;
				GCC_C_LANGUAGE_STANDARD = gnu11;
				GCC_DYNAMIC_NO_PIC = NO;
				GCC_NO_COMMON_BLOCKS = YES;
				GCC_OPTIMIZATION_LEVEL = 0;
				GCC_PREPROCESSOR_DEFINITIONS = (
					"DEBUG=1",
					"$(inherited)",
				);
				GCC_WARN_64_TO_32_BIT_CONVERSION = YES;
				GCC_WARN_ABOUT_RETURN_TYPE = YES_ERROR;
				GCC_WARN_UNDECLARED_SELECTOR = YES;
				GCC_WARN_UNINITIALIZED_AUTOS = YES_AGGRESSIVE;
				GCC_WARN_UNUSED_FUNCTION = YES;
				GCC_WARN_UNUSED_VARIABLE = YES;
				IPHONEOS_DEPLOYMENT_TARGET = 13.2;
				MTL_ENABLE_DEBUG_INFO = INCLUDE_SOURCE;
				MTL_FAST_MATH = YES;
				ONLY_ACTIVE_ARCH = YES;
				SDKROOT = iphoneos;
				SWIFT_ACTIVE_COMPILATION_CONDITIONS = DEBUG;
				SWIFT_OPTIMIZATION_LEVEL = "-Onone";
			};
			name = Debug;
		};
		0776021F2406E692005CD01F /* Release */ = {
			isa = XCBuildConfiguration;
			buildSettings = {
				ALWAYS_SEARCH_USER_PATHS = NO;
				CLANG_ANALYZER_NONNULL = YES;
				CLANG_ANALYZER_NUMBER_OBJECT_CONVERSION = YES_AGGRESSIVE;
				CLANG_CXX_LANGUAGE_STANDARD = "gnu++14";
				CLANG_CXX_LIBRARY = "libc++";
				CLANG_ENABLE_MODULES = YES;
				CLANG_ENABLE_OBJC_ARC = YES;
				CLANG_ENABLE_OBJC_WEAK = YES;
				CLANG_WARN_BLOCK_CAPTURE_AUTORELEASING = YES;
				CLANG_WARN_BOOL_CONVERSION = YES;
				CLANG_WARN_COMMA = YES;
				CLANG_WARN_CONSTANT_CONVERSION = YES;
				CLANG_WARN_DEPRECATED_OBJC_IMPLEMENTATIONS = YES;
				CLANG_WARN_DIRECT_OBJC_ISA_USAGE = YES_ERROR;
				CLANG_WARN_DOCUMENTATION_COMMENTS = YES;
				CLANG_WARN_EMPTY_BODY = YES;
				CLANG_WARN_ENUM_CONVERSION = YES;
				CLANG_WARN_INFINITE_RECURSION = YES;
				CLANG_WARN_INT_CONVERSION = YES;
				CLANG_WARN_NON_LITERAL_NULL_CONVERSION = YES;
				CLANG_WARN_OBJC_IMPLICIT_RETAIN_SELF = YES;
				CLANG_WARN_OBJC_LITERAL_CONVERSION = YES;
				CLANG_WARN_OBJC_ROOT_CLASS = YES_ERROR;
				CLANG_WARN_RANGE_LOOP_ANALYSIS = YES;
				CLANG_WARN_STRICT_PROTOTYPES = YES;
				CLANG_WARN_SUSPICIOUS_MOVE = YES;
				CLANG_WARN_UNGUARDED_AVAILABILITY = YES_AGGRESSIVE;
				CLANG_WARN_UNREACHABLE_CODE = YES;
				CLANG_WARN__DUPLICATE_METHOD_MATCH = YES;
				COPY_PHASE_STRIP = NO;
				DEBUG_INFORMATION_FORMAT = "dwarf-with-dsym";
				ENABLE_NS_ASSERTIONS = NO;
				ENABLE_STRICT_OBJC_MSGSEND = YES;
				GCC_C_LANGUAGE_STANDARD = gnu11;
				GCC_NO_COMMON_BLOCKS = YES;
				GCC_WARN_64_TO_32_BIT_CONVERSION = YES;
				GCC_WARN_ABOUT_RETURN_TYPE = YES_ERROR;
				GCC_WARN_UNDECLARED_SELECTOR = YES;
				GCC_WARN_UNINITIALIZED_AUTOS = YES_AGGRESSIVE;
				GCC_WARN_UNUSED_FUNCTION = YES;
				GCC_WARN_UNUSED_VARIABLE = YES;
				IPHONEOS_DEPLOYMENT_TARGET = 13.2;
				MTL_ENABLE_DEBUG_INFO = NO;
				MTL_FAST_MATH = YES;
				SDKROOT = iphoneos;
				SWIFT_COMPILATION_MODE = wholemodule;
				SWIFT_OPTIMIZATION_LEVEL = "-O";
				VALIDATE_PRODUCT = YES;
			};
			name = Release;
		};
		077602212406E692005CD01F /* Debug */ = {
			isa = XCBuildConfiguration;
			baseConfigurationReference = 0F07ABA77B1FC47385E8E325 /* Pods-ImageTableViewApp.debug.xcconfig */;
			buildSettings = {
				ASSETCATALOG_COMPILER_APPICON_NAME = AppIcon;
				CODE_SIGN_STYLE = Automatic;
				DEVELOPMENT_TEAM = ZSLUMCNRNL;
				INFOPLIST_FILE = ImageTableViewApp/Info.plist;
				LD_RUNPATH_SEARCH_PATHS = (
					"$(inherited)",
					"@executable_path/Frameworks",
				);
				PRODUCT_BUNDLE_IDENTIFIER = com.PedroVargas.ImageTableViewApp;
				PRODUCT_NAME = "$(TARGET_NAME)";
				SWIFT_VERSION = 5.0;
				TARGETED_DEVICE_FAMILY = 1;
			};
			name = Debug;
		};
		077602222406E692005CD01F /* Release */ = {
			isa = XCBuildConfiguration;
			baseConfigurationReference = 669C01DF0A9B441DC6F64EA0 /* Pods-ImageTableViewApp.release.xcconfig */;
			buildSettings = {
				ASSETCATALOG_COMPILER_APPICON_NAME = AppIcon;
				CODE_SIGN_STYLE = Automatic;
				DEVELOPMENT_TEAM = ZSLUMCNRNL;
				INFOPLIST_FILE = ImageTableViewApp/Info.plist;
				LD_RUNPATH_SEARCH_PATHS = (
					"$(inherited)",
					"@executable_path/Frameworks",
				);
				PRODUCT_BUNDLE_IDENTIFIER = com.PedroVargas.ImageTableViewApp;
				PRODUCT_NAME = "$(TARGET_NAME)";
				SWIFT_VERSION = 5.0;
				TARGETED_DEVICE_FAMILY = 1;
			};
			name = Release;
		};
/* End XCBuildConfiguration section */

/* Begin XCConfigurationList section */
		077602072406E68F005CD01F /* Build configuration list for PBXProject "ImageTableViewApp" */ = {
			isa = XCConfigurationList;
			buildConfigurations = (
				0776021E2406E692005CD01F /* Debug */,
				0776021F2406E692005CD01F /* Release */,
			);
			defaultConfigurationIsVisible = 0;
			defaultConfigurationName = Release;
		};
		077602202406E692005CD01F /* Build configuration list for PBXNativeTarget "ImageTableViewApp" */ = {
			isa = XCConfigurationList;
			buildConfigurations = (
				077602212406E692005CD01F /* Debug */,
				077602222406E692005CD01F /* Release */,
			);
			defaultConfigurationIsVisible = 0;
			defaultConfigurationName = Release;
		};
/* End XCConfigurationList section */
	};
	rootObject = 077602042406E68F005CD01F /* Project object */;
}
